// !$*UTF8*$!
{
	archiveVersion = 1;
	classes = {
	};
	objectVersion = 46;
	objects = {

/* Begin PBXBuildFile section */
		3205495D1DDB309800BD41C6 /* ImageWithTag.swift in Sources */ = {isa = PBXBuildFile; fileRef = 3205495C1DDB309800BD41C6 /* ImageWithTag.swift */; };
		32097CAF1DC24A7700AEFB7D /* PictureViewController.swift in Sources */ = {isa = PBXBuildFile; fileRef = 32097CAE1DC24A7700AEFB7D /* PictureViewController.swift */; };
		3210FF671DBF70EF00849692 /* MainPageViewController.swift in Sources */ = {isa = PBXBuildFile; fileRef = 3210FF661DBF70EF00849692 /* MainPageViewController.swift */; };
		3217049B1DD0FC44006C17E1 /* ReviewPage.swift in Sources */ = {isa = PBXBuildFile; fileRef = 3217049A1DD0FC44006C17E1 /* ReviewPage.swift */; };
		3219D4051E40D4FD00BF4D5F /* background.png in Resources */ = {isa = PBXBuildFile; fileRef = 3219D4041E40D4FD00BF4D5F /* background.png */; };
		3219D4091E40D77D00BF4D5F /* Log In Button.png in Resources */ = {isa = PBXBuildFile; fileRef = 3219D4081E40D77D00BF4D5F /* Log In Button.png */; };
		3236566F1DF9E5DB00FBA48C /* Alamofire.framework in Frameworks */ = {isa = PBXBuildFile; fileRef = 3236566E1DF9E5DB00FBA48C /* Alamofire.framework */; };
		323656701DF9E5DB00FBA48C /* Alamofire.framework in Embed Frameworks */ = {isa = PBXBuildFile; fileRef = 3236566E1DF9E5DB00FBA48C /* Alamofire.framework */; settings = {ATTRIBUTES = (CodeSignOnCopy, RemoveHeadersOnCopy, ); }; };
		32443B0D1DBA3118003AAC4E /* AppDelegate.swift in Sources */ = {isa = PBXBuildFile; fileRef = 32443B0C1DBA3118003AAC4E /* AppDelegate.swift */; };
		32443B0F1DBA3118003AAC4E /* ViewController.swift in Sources */ = {isa = PBXBuildFile; fileRef = 32443B0E1DBA3118003AAC4E /* ViewController.swift */; };
		32443B121DBA3119003AAC4E /* Main.storyboard in Resources */ = {isa = PBXBuildFile; fileRef = 32443B101DBA3119003AAC4E /* Main.storyboard */; };
		32443B141DBA3119003AAC4E /* Assets.xcassets in Resources */ = {isa = PBXBuildFile; fileRef = 32443B131DBA3119003AAC4E /* Assets.xcassets */; };
		32443B171DBA3119003AAC4E /* LaunchScreen.storyboard in Resources */ = {isa = PBXBuildFile; fileRef = 32443B151DBA3119003AAC4E /* LaunchScreen.storyboard */; };
		32443B221DBA47BC003AAC4E /* StartViewController.swift in Sources */ = {isa = PBXBuildFile; fileRef = 32443B211DBA47BC003AAC4E /* StartViewController.swift */; };
		32443B251DBA4C5A003AAC4E /* UIViewController.extension.swift in Sources */ = {isa = PBXBuildFile; fileRef = 32443B241DBA4C5A003AAC4E /* UIViewController.extension.swift */; };
		32443B271DBA4C83003AAC4E /* Utility.swift in Sources */ = {isa = PBXBuildFile; fileRef = 32443B261DBA4C83003AAC4E /* Utility.swift */; };
		32443B291DBA4CB1003AAC4E /* AppConfig.swift in Sources */ = {isa = PBXBuildFile; fileRef = 32443B281DBA4CB1003AAC4E /* AppConfig.swift */; };
		32443B2C1DBA4D48003AAC4E /* NotificationNames.swift in Sources */ = {isa = PBXBuildFile; fileRef = 32443B2B1DBA4D48003AAC4E /* NotificationNames.swift */; };
		32443B2E1DBA4DC1003AAC4E /* DvidsOauth.swift in Sources */ = {isa = PBXBuildFile; fileRef = 32443B2D1DBA4DC1003AAC4E /* DvidsOauth.swift */; };
		32443B301DBA5001003AAC4E /* UserDefaultKeys.swift in Sources */ = {isa = PBXBuildFile; fileRef = 32443B2F1DBA5001003AAC4E /* UserDefaultKeys.swift */; };
		32443B331DBA5062003AAC4E /* SwiftyJSON.swift in Sources */ = {isa = PBXBuildFile; fileRef = 32443B321DBA5062003AAC4E /* SwiftyJSON.swift */; };
		32443B351DBA5256003AAC4E /* GlobalConstants.swift in Sources */ = {isa = PBXBuildFile; fileRef = 32443B341DBA5256003AAC4E /* GlobalConstants.swift */; };
		32443B381DBA6215003AAC4E /* XCGLogger.framework in Frameworks */ = {isa = PBXBuildFile; fileRef = 32443B371DBA6215003AAC4E /* XCGLogger.framework */; };
		32443B3A1DBA6250003AAC4E /* NSDateISO8601.swift in Sources */ = {isa = PBXBuildFile; fileRef = 32443B391DBA6250003AAC4E /* NSDateISO8601.swift */; };
		32443B3C1DBA62E1003AAC4E /* UserNotificationRegistrationViewController.swift in Sources */ = {isa = PBXBuildFile; fileRef = 32443B3B1DBA62E1003AAC4E /* UserNotificationRegistrationViewController.swift */; };
		32443B411DBA69C9003AAC4E /* XCGLogger.framework in Frameworks */ = {isa = PBXBuildFile; fileRef = 32443B371DBA6215003AAC4E /* XCGLogger.framework */; };
		32443B421DBA69C9003AAC4E /* XCGLogger.framework in Embed Frameworks */ = {isa = PBXBuildFile; fileRef = 32443B371DBA6215003AAC4E /* XCGLogger.framework */; settings = {ATTRIBUTES = (CodeSignOnCopy, RemoveHeadersOnCopy, ); }; };
		32490CB61DCB89C3001F754D /* EventInfoForm.swift in Sources */ = {isa = PBXBuildFile; fileRef = 32490CB51DCB89C3001F754D /* EventInfoForm.swift */; };
		325EE6F31E41219600C568D8 /* HomePageBackground.png in Resources */ = {isa = PBXBuildFile; fileRef = 325EE6F21E41219600C568D8 /* HomePageBackground.png */; };
		325EE6F51E4125A900C568D8 /* Rectangle.png in Resources */ = {isa = PBXBuildFile; fileRef = 325EE6F41E4125A900C568D8 /* Rectangle.png */; };
		3261421E1E318BAD0010DC62 /* background_image_1.jpg in Resources */ = {isa = PBXBuildFile; fileRef = 3261421D1E318BAD0010DC62 /* background_image_1.jpg */; };
		327859E81DD494F100F81301 /* EventMediaController.swift in Sources */ = {isa = PBXBuildFile; fileRef = 327859E71DD494F100F81301 /* EventMediaController.swift */; };
		328C1FE91E401E8C0053DF94 /* SwiftSpinner.swift in Sources */ = {isa = PBXBuildFile; fileRef = 328C1FE81E401E8C0053DF94 /* SwiftSpinner.swift */; };
		328C1FFB1E4029970053DF94 /* avatar.png in Resources */ = {isa = PBXBuildFile; fileRef = 328C1FFA1E4029970053DF94 /* avatar.png */; };
		32915F141DCA180C0001782C /* Form.swift in Sources */ = {isa = PBXBuildFile; fileRef = 32915F131DCA180C0001782C /* Form.swift */; };
		32B93AA01E423AA000EFE030 /* UpdateProfileBackground.png in Resources */ = {isa = PBXBuildFile; fileRef = 32B93A9F1E423AA000EFE030 /* UpdateProfileBackground.png */; };
		32B93AA21E423B9700EFE030 /* Update Profile Screen2.png in Resources */ = {isa = PBXBuildFile; fileRef = 32B93AA11E423B9700EFE030 /* Update Profile Screen2.png */; };
		32B93AA41E4277EE00EFE030 /* EventBackground.png in Resources */ = {isa = PBXBuildFile; fileRef = 32B93AA31E4277EE00EFE030 /* EventBackground.png */; };
/* End PBXBuildFile section */

/* Begin PBXCopyFilesBuildPhase section */
		32443B431DBA69C9003AAC4E /* Embed Frameworks */ = {
			isa = PBXCopyFilesBuildPhase;
			buildActionMask = 2147483647;
			dstPath = "";
			dstSubfolderSpec = 10;
			files = (
				32443B421DBA69C9003AAC4E /* XCGLogger.framework in Embed Frameworks */,
				323656701DF9E5DB00FBA48C /* Alamofire.framework in Embed Frameworks */,
			);
			name = "Embed Frameworks";
			runOnlyForDeploymentPostprocessing = 0;
		};
/* End PBXCopyFilesBuildPhase section */

/* Begin PBXFileReference section */
		3205495C1DDB309800BD41C6 /* ImageWithTag.swift */ = {isa = PBXFileReference; fileEncoding = 4; lastKnownFileType = sourcecode.swift; path = ImageWithTag.swift; sourceTree = "<group>"; };
		32097CAE1DC24A7700AEFB7D /* PictureViewController.swift */ = {isa = PBXFileReference; fileEncoding = 4; lastKnownFileType = sourcecode.swift; path = PictureViewController.swift; sourceTree = "<group>"; };
		3210FF661DBF70EF00849692 /* MainPageViewController.swift */ = {isa = PBXFileReference; fileEncoding = 4; lastKnownFileType = sourcecode.swift; path = MainPageViewController.swift; sourceTree = "<group>"; };
		3217049A1DD0FC44006C17E1 /* ReviewPage.swift */ = {isa = PBXFileReference; fileEncoding = 4; lastKnownFileType = sourcecode.swift; path = ReviewPage.swift; sourceTree = "<group>"; };
		3219D4041E40D4FD00BF4D5F /* background.png */ = {isa = PBXFileReference; lastKnownFileType = image.png; name = background.png; path = ../../../../Pictures/Photoshop/background.png; sourceTree = "<group>"; };
		3219D4081E40D77D00BF4D5F /* Log In Button.png */ = {isa = PBXFileReference; lastKnownFileType = image.png; name = "Log In Button.png"; path = "../../../../Pictures/Photoshop/Log In Button.png"; sourceTree = "<group>"; };
		3236566B1DF9E20800FBA48C /* AFNetworking.framework */ = {isa = PBXFileReference; lastKnownFileType = wrapper.framework; name = AFNetworking.framework; path = Carthage/Build/iOS/AFNetworking.framework; sourceTree = "<group>"; };
		3236566E1DF9E5DB00FBA48C /* Alamofire.framework */ = {isa = PBXFileReference; lastKnownFileType = wrapper.framework; name = Alamofire.framework; path = Carthage/Build/iOS/Alamofire.framework; sourceTree = "<group>"; };
		32443B091DBA3118003AAC4E /* Hometown App.app */ = {isa = PBXFileReference; explicitFileType = wrapper.application; includeInIndex = 0; path = "Hometown App.app"; sourceTree = BUILT_PRODUCTS_DIR; };
		32443B0C1DBA3118003AAC4E /* AppDelegate.swift */ = {isa = PBXFileReference; lastKnownFileType = sourcecode.swift; path = AppDelegate.swift; sourceTree = "<group>"; };
		32443B0E1DBA3118003AAC4E /* ViewController.swift */ = {isa = PBXFileReference; lastKnownFileType = sourcecode.swift; path = ViewController.swift; sourceTree = "<group>"; };
		32443B111DBA3119003AAC4E /* Base */ = {isa = PBXFileReference; lastKnownFileType = file.storyboard; name = Base; path = Base.lproj/Main.storyboard; sourceTree = "<group>"; };
		32443B131DBA3119003AAC4E /* Assets.xcassets */ = {isa = PBXFileReference; lastKnownFileType = folder.assetcatalog; path = Assets.xcassets; sourceTree = "<group>"; };
		32443B161DBA3119003AAC4E /* Base */ = {isa = PBXFileReference; lastKnownFileType = file.storyboard; name = Base; path = Base.lproj/LaunchScreen.storyboard; sourceTree = "<group>"; };
		32443B181DBA3119003AAC4E /* Info.plist */ = {isa = PBXFileReference; lastKnownFileType = text.plist.xml; path = Info.plist; sourceTree = "<group>"; };
		32443B211DBA47BC003AAC4E /* StartViewController.swift */ = {isa = PBXFileReference; fileEncoding = 4; lastKnownFileType = sourcecode.swift; path = StartViewController.swift; sourceTree = "<group>"; };
		32443B241DBA4C5A003AAC4E /* UIViewController.extension.swift */ = {isa = PBXFileReference; fileEncoding = 4; lastKnownFileType = sourcecode.swift; path = UIViewController.extension.swift; sourceTree = "<group>"; };
		32443B261DBA4C83003AAC4E /* Utility.swift */ = {isa = PBXFileReference; fileEncoding = 4; lastKnownFileType = sourcecode.swift; path = Utility.swift; sourceTree = "<group>"; };
		32443B281DBA4CB1003AAC4E /* AppConfig.swift */ = {isa = PBXFileReference; fileEncoding = 4; lastKnownFileType = sourcecode.swift; path = AppConfig.swift; sourceTree = "<group>"; };
		32443B2B1DBA4D48003AAC4E /* NotificationNames.swift */ = {isa = PBXFileReference; fileEncoding = 4; lastKnownFileType = sourcecode.swift; path = NotificationNames.swift; sourceTree = "<group>"; };
		32443B2D1DBA4DC1003AAC4E /* DvidsOauth.swift */ = {isa = PBXFileReference; fileEncoding = 4; lastKnownFileType = sourcecode.swift; path = DvidsOauth.swift; sourceTree = "<group>"; };
		32443B2F1DBA5001003AAC4E /* UserDefaultKeys.swift */ = {isa = PBXFileReference; fileEncoding = 4; lastKnownFileType = sourcecode.swift; path = UserDefaultKeys.swift; sourceTree = "<group>"; };
		32443B321DBA5062003AAC4E /* SwiftyJSON.swift */ = {isa = PBXFileReference; fileEncoding = 4; lastKnownFileType = sourcecode.swift; path = SwiftyJSON.swift; sourceTree = "<group>"; };
		32443B341DBA5256003AAC4E /* GlobalConstants.swift */ = {isa = PBXFileReference; fileEncoding = 4; lastKnownFileType = sourcecode.swift; path = GlobalConstants.swift; sourceTree = "<group>"; };
		32443B371DBA6215003AAC4E /* XCGLogger.framework */ = {isa = PBXFileReference; lastKnownFileType = wrapper.framework; name = XCGLogger.framework; path = Carthage/Build/iOS/XCGLogger.framework; sourceTree = "<group>"; };
		32443B391DBA6250003AAC4E /* NSDateISO8601.swift */ = {isa = PBXFileReference; fileEncoding = 4; lastKnownFileType = sourcecode.swift; path = NSDateISO8601.swift; sourceTree = "<group>"; };
		32443B3B1DBA62E1003AAC4E /* UserNotificationRegistrationViewController.swift */ = {isa = PBXFileReference; fileEncoding = 4; lastKnownFileType = sourcecode.swift; path = UserNotificationRegistrationViewController.swift; sourceTree = "<group>"; };
		32490CB51DCB89C3001F754D /* EventInfoForm.swift */ = {isa = PBXFileReference; fileEncoding = 4; lastKnownFileType = sourcecode.swift; path = EventInfoForm.swift; sourceTree = "<group>"; };
		325EE6F21E41219600C568D8 /* HomePageBackground.png */ = {isa = PBXFileReference; lastKnownFileType = image.png; name = HomePageBackground.png; path = ../../../../Pictures/Photoshop/HomePageBackground.png; sourceTree = "<group>"; };
		325EE6F41E4125A900C568D8 /* Rectangle.png */ = {isa = PBXFileReference; lastKnownFileType = image.png; name = Rectangle.png; path = ../../../../Pictures/Photoshop/Rectangle.png; sourceTree = "<group>"; };
		3261421D1E318BAD0010DC62 /* background_image_1.jpg */ = {isa = PBXFileReference; lastKnownFileType = image.jpeg; path = background_image_1.jpg; sourceTree = "<group>"; };
		327859E71DD494F100F81301 /* EventMediaController.swift */ = {isa = PBXFileReference; fileEncoding = 4; lastKnownFileType = sourcecode.swift; path = EventMediaController.swift; sourceTree = "<group>"; };
		328C1FE81E401E8C0053DF94 /* SwiftSpinner.swift */ = {isa = PBXFileReference; fileEncoding = 4; lastKnownFileType = sourcecode.swift; name = SwiftSpinner.swift; path = "../../ThirdParty/SwiftSpinner-master/SwiftSpinner/SwiftSpinner.swift"; sourceTree = "<group>"; };
		328C1FFA1E4029970053DF94 /* avatar.png */ = {isa = PBXFileReference; lastKnownFileType = image.png; name = avatar.png; path = ../../../../Pictures/avatar.png; sourceTree = "<group>"; };
		32915F131DCA180C0001782C /* Form.swift */ = {isa = PBXFileReference; fileEncoding = 4; lastKnownFileType = sourcecode.swift; path = Form.swift; sourceTree = "<group>"; };
		32B93A9F1E423AA000EFE030 /* UpdateProfileBackground.png */ = {isa = PBXFileReference; lastKnownFileType = image.png; name = UpdateProfileBackground.png; path = ../../../../Pictures/Photoshop/UpdateProfileBackground.png; sourceTree = "<group>"; };
		32B93AA11E423B9700EFE030 /* Update Profile Screen2.png */ = {isa = PBXFileReference; lastKnownFileType = image.png; name = "Update Profile Screen2.png"; path = "../../../../Pictures/Photoshop/Update Profile Screen2.png"; sourceTree = "<group>"; };
		32B93AA31E4277EE00EFE030 /* EventBackground.png */ = {isa = PBXFileReference; lastKnownFileType = image.png; name = EventBackground.png; path = ../../../../Pictures/Photoshop/EventBackground.png; sourceTree = "<group>"; };
/* End PBXFileReference section */

/* Begin PBXFrameworksBuildPhase section */
		32443B061DBA3118003AAC4E /* Frameworks */ = {
			isa = PBXFrameworksBuildPhase;
			buildActionMask = 2147483647;
			files = (
				32443B381DBA6215003AAC4E /* XCGLogger.framework in Frameworks */,
				3236566F1DF9E5DB00FBA48C /* Alamofire.framework in Frameworks */,
				32443B411DBA69C9003AAC4E /* XCGLogger.framework in Frameworks */,
			);
			runOnlyForDeploymentPostprocessing = 0;
		};
/* End PBXFrameworksBuildPhase section */

/* Begin PBXGroup section */
		3219D4031E40D47F00BF4D5F /* Supporting Files */ = {
			isa = PBXGroup;
			children = (
				32B93AA31E4277EE00EFE030 /* EventBackground.png */,
				32B93A9F1E423AA000EFE030 /* UpdateProfileBackground.png */,
				32B93AA11E423B9700EFE030 /* Update Profile Screen2.png */,
				325EE6F41E4125A900C568D8 /* Rectangle.png */,
				325EE6F21E41219600C568D8 /* HomePageBackground.png */,
				3219D4081E40D77D00BF4D5F /* Log In Button.png */,
				3219D4041E40D4FD00BF4D5F /* background.png */,
				328C1FFA1E4029970053DF94 /* avatar.png */,
				3261421D1E318BAD0010DC62 /* background_image_1.jpg */,
			);
			name = "Supporting Files";
			sourceTree = "<group>";
		};
		32443B001DBA3118003AAC4E = {
			isa = PBXGroup;
			children = (
				3236566B1DF9E20800FBA48C /* AFNetworking.framework */,
				32443B0B1DBA3118003AAC4E /* Hometown App */,
				32443B0A1DBA3118003AAC4E /* Products */,
				32443B361DBA6215003AAC4E /* Frameworks */,
			);
			sourceTree = "<group>";
		};
		32443B0A1DBA3118003AAC4E /* Products */ = {
			isa = PBXGroup;
			children = (
				32443B091DBA3118003AAC4E /* Hometown App.app */,
			);
			name = Products;
			sourceTree = "<group>";
		};
		32443B0B1DBA3118003AAC4E /* Hometown App */ = {
			isa = PBXGroup;
			children = (
				3219D4031E40D47F00BF4D5F /* Supporting Files */,
				32443B311DBA504B003AAC4E /* Third Party */,
				32443B2A1DBA4D34003AAC4E /* Enums */,
				32443B1E1DBA4751003AAC4E /* View Controllers */,
				32443B0C1DBA3118003AAC4E /* AppDelegate.swift */,
				32443B261DBA4C83003AAC4E /* Utility.swift */,
				32443B101DBA3119003AAC4E /* Main.storyboard */,
				32443B131DBA3119003AAC4E /* Assets.xcassets */,
				32443B151DBA3119003AAC4E /* LaunchScreen.storyboard */,
				32443B181DBA3119003AAC4E /* Info.plist */,
				32443B281DBA4CB1003AAC4E /* AppConfig.swift */,
				32443B2D1DBA4DC1003AAC4E /* DvidsOauth.swift */,
				32443B341DBA5256003AAC4E /* GlobalConstants.swift */,
				3205495C1DDB309800BD41C6 /* ImageWithTag.swift */,
			);
			path = "Hometown App";
			sourceTree = "<group>";
		};
		32443B1E1DBA4751003AAC4E /* View Controllers */ = {
			isa = PBXGroup;
			children = (
				32443B231DBA4C3A003AAC4E /* Extensions */,
				32443B0E1DBA3118003AAC4E /* ViewController.swift */,
				32443B3B1DBA62E1003AAC4E /* UserNotificationRegistrationViewController.swift */,
				32443B211DBA47BC003AAC4E /* StartViewController.swift */,
				3210FF661DBF70EF00849692 /* MainPageViewController.swift */,
				32097CAE1DC24A7700AEFB7D /* PictureViewController.swift */,
				32915F131DCA180C0001782C /* Form.swift */,
				32490CB51DCB89C3001F754D /* EventInfoForm.swift */,
				3217049A1DD0FC44006C17E1 /* ReviewPage.swift */,
				327859E71DD494F100F81301 /* EventMediaController.swift */,
			);
			name = "View Controllers";
			sourceTree = "<group>";
		};
		32443B231DBA4C3A003AAC4E /* Extensions */ = {
			isa = PBXGroup;
			children = (
				32443B241DBA4C5A003AAC4E /* UIViewController.extension.swift */,
			);
			name = Extensions;
			sourceTree = "<group>";
		};
		32443B2A1DBA4D34003AAC4E /* Enums */ = {
			isa = PBXGroup;
			children = (
				32443B2B1DBA4D48003AAC4E /* NotificationNames.swift */,
				32443B2F1DBA5001003AAC4E /* UserDefaultKeys.swift */,
			);
			name = Enums;
			sourceTree = "<group>";
		};
		32443B311DBA504B003AAC4E /* Third Party */ = {
			isa = PBXGroup;
			children = (
				328C1FE81E401E8C0053DF94 /* SwiftSpinner.swift */,
				32443B321DBA5062003AAC4E /* SwiftyJSON.swift */,
				32443B391DBA6250003AAC4E /* NSDateISO8601.swift */,
			);
			name = "Third Party";
			sourceTree = "<group>";
		};
		32443B361DBA6215003AAC4E /* Frameworks */ = {
			isa = PBXGroup;
			children = (
				3236566E1DF9E5DB00FBA48C /* Alamofire.framework */,
				32443B371DBA6215003AAC4E /* XCGLogger.framework */,
			);
			name = Frameworks;
			sourceTree = "<group>";
		};
/* End PBXGroup section */

/* Begin PBXNativeTarget section */
		32443B081DBA3118003AAC4E /* Hometown App */ = {
			isa = PBXNativeTarget;
			buildConfigurationList = 32443B1B1DBA3119003AAC4E /* Build configuration list for PBXNativeTarget "Hometown App" */;
			buildPhases = (
				32443B051DBA3118003AAC4E /* Sources */,
				32443B061DBA3118003AAC4E /* Frameworks */,
				32443B071DBA3118003AAC4E /* Resources */,
				32443B431DBA69C9003AAC4E /* Embed Frameworks */,
			);
			buildRules = (
			);
			dependencies = (
			);
			name = "Hometown App";
			productName = "Hometown App";
			productReference = 32443B091DBA3118003AAC4E /* Hometown App.app */;
			productType = "com.apple.product-type.application";
		};
/* End PBXNativeTarget section */

/* Begin PBXProject section */
		32443B011DBA3118003AAC4E /* Project object */ = {
			isa = PBXProject;
			attributes = {
				LastSwiftUpdateCheck = 0800;
				LastUpgradeCheck = 0800;
				ORGANIZATIONNAME = "David Thurman";
				TargetAttributes = {
					32443B081DBA3118003AAC4E = {
						CreatedOnToolsVersion = 8.0;
						DevelopmentTeam = T735J2M8M7;
						ProvisioningStyle = Automatic;
					};
				};
			};
			buildConfigurationList = 32443B041DBA3118003AAC4E /* Build configuration list for PBXProject "Hometown App" */;
			compatibilityVersion = "Xcode 3.2";
			developmentRegion = English;
			hasScannedForEncodings = 0;
			knownRegions = (
				en,
				Base,
			);
			mainGroup = 32443B001DBA3118003AAC4E;
			productRefGroup = 32443B0A1DBA3118003AAC4E /* Products */;
			projectDirPath = "";
			projectRoot = "";
			targets = (
				32443B081DBA3118003AAC4E /* Hometown App */,
			);
		};
/* End PBXProject section */

/* Begin PBXResourcesBuildPhase section */
		32443B071DBA3118003AAC4E /* Resources */ = {
			isa = PBXResourcesBuildPhase;
			buildActionMask = 2147483647;
			files = (
				32B93AA41E4277EE00EFE030 /* EventBackground.png in Resources */,
				328C1FFB1E4029970053DF94 /* avatar.png in Resources */,
				3219D4091E40D77D00BF4D5F /* Log In Button.png in Resources */,
				325EE6F51E4125A900C568D8 /* Rectangle.png in Resources */,
				3219D4051E40D4FD00BF4D5F /* background.png in Resources */,
				32443B171DBA3119003AAC4E /* LaunchScreen.storyboard in Resources */,
				3261421E1E318BAD0010DC62 /* background_image_1.jpg in Resources */,
				32443B141DBA3119003AAC4E /* Assets.xcassets in Resources */,
				32443B121DBA3119003AAC4E /* Main.storyboard in Resources */,
				32B93AA01E423AA000EFE030 /* UpdateProfileBackground.png in Resources */,
				325EE6F31E41219600C568D8 /* HomePageBackground.png in Resources */,
				32B93AA21E423B9700EFE030 /* Update Profile Screen2.png in Resources */,
			);
			runOnlyForDeploymentPostprocessing = 0;
		};
/* End PBXResourcesBuildPhase section */

/* Begin PBXSourcesBuildPhase section */
		32443B051DBA3118003AAC4E /* Sources */ = {
			isa = PBXSourcesBuildPhase;
			buildActionMask = 2147483647;
			files = (
				327859E81DD494F100F81301 /* EventMediaController.swift in Sources */,
				32443B271DBA4C83003AAC4E /* Utility.swift in Sources */,
				32443B0F1DBA3118003AAC4E /* ViewController.swift in Sources */,
				32097CAF1DC24A7700AEFB7D /* PictureViewController.swift in Sources */,
				32443B0D1DBA3118003AAC4E /* AppDelegate.swift in Sources */,
				32443B331DBA5062003AAC4E /* SwiftyJSON.swift in Sources */,
				32443B291DBA4CB1003AAC4E /* AppConfig.swift in Sources */,
				32490CB61DCB89C3001F754D /* EventInfoForm.swift in Sources */,
				32443B351DBA5256003AAC4E /* GlobalConstants.swift in Sources */,
				32443B2C1DBA4D48003AAC4E /* NotificationNames.swift in Sources */,
				32443B3C1DBA62E1003AAC4E /* UserNotificationRegistrationViewController.swift in Sources */,
				3205495D1DDB309800BD41C6 /* ImageWithTag.swift in Sources */,
				3210FF671DBF70EF00849692 /* MainPageViewController.swift in Sources */,
				32443B251DBA4C5A003AAC4E /* UIViewController.extension.swift in Sources */,
				32443B2E1DBA4DC1003AAC4E /* DvidsOauth.swift in Sources */,
				3217049B1DD0FC44006C17E1 /* ReviewPage.swift in Sources */,
				32443B221DBA47BC003AAC4E /* StartViewController.swift in Sources */,
				328C1FE91E401E8C0053DF94 /* SwiftSpinner.swift in Sources */,
				32443B301DBA5001003AAC4E /* UserDefaultKeys.swift in Sources */,
				32443B3A1DBA6250003AAC4E /* NSDateISO8601.swift in Sources */,
				32915F141DCA180C0001782C /* Form.swift in Sources */,
			);
			runOnlyForDeploymentPostprocessing = 0;
		};
/* End PBXSourcesBuildPhase section */

/* Begin PBXVariantGroup section */
		32443B101DBA3119003AAC4E /* Main.storyboard */ = {
			isa = PBXVariantGroup;
			children = (
				32443B111DBA3119003AAC4E /* Base */,
			);
			name = Main.storyboard;
			sourceTree = "<group>";
		};
		32443B151DBA3119003AAC4E /* LaunchScreen.storyboard */ = {
			isa = PBXVariantGroup;
			children = (
				32443B161DBA3119003AAC4E /* Base */,
			);
			name = LaunchScreen.storyboard;
			sourceTree = "<group>";
		};
/* End PBXVariantGroup section */

/* Begin XCBuildConfiguration section */
		32443B191DBA3119003AAC4E /* Debug */ = {
			isa = XCBuildConfiguration;
			buildSettings = {
				ALWAYS_SEARCH_USER_PATHS = NO;
				CLANG_ANALYZER_NONNULL = YES;
				CLANG_CXX_LANGUAGE_STANDARD = "gnu++0x";
				CLANG_CXX_LIBRARY = "libc++";
				CLANG_ENABLE_MODULES = YES;
				CLANG_ENABLE_OBJC_ARC = YES;
				CLANG_WARN_BOOL_CONVERSION = YES;
				CLANG_WARN_CONSTANT_CONVERSION = YES;
				CLANG_WARN_DIRECT_OBJC_ISA_USAGE = YES_ERROR;
				CLANG_WARN_DOCUMENTATION_COMMENTS = YES;
				CLANG_WARN_EMPTY_BODY = YES;
				CLANG_WARN_ENUM_CONVERSION = YES;
				CLANG_WARN_INFINITE_RECURSION = YES;
				CLANG_WARN_INT_CONVERSION = YES;
				CLANG_WARN_OBJC_ROOT_CLASS = YES_ERROR;
				CLANG_WARN_SUSPICIOUS_MOVES = YES;
				CLANG_WARN_UNREACHABLE_CODE = YES;
				CLANG_WARN__DUPLICATE_METHOD_MATCH = YES;
				"CODE_SIGN_IDENTITY[sdk=iphoneos*]" = "iPhone Developer";
				COPY_PHASE_STRIP = NO;
				DEBUG_INFORMATION_FORMAT = dwarf;
				ENABLE_STRICT_OBJC_MSGSEND = YES;
				ENABLE_TESTABILITY = YES;
				GCC_C_LANGUAGE_STANDARD = gnu99;
				GCC_DYNAMIC_NO_PIC = NO;
				GCC_NO_COMMON_BLOCKS = YES;
				GCC_OPTIMIZATION_LEVEL = 0;
				GCC_PREPROCESSOR_DEFINITIONS = (
					"DEBUG=1",
					"$(inherited)",
				);
				GCC_WARN_64_TO_32_BIT_CONVERSION = YES;
				GCC_WARN_ABOUT_RETURN_TYPE = YES_ERROR;
				GCC_WARN_UNDECLARED_SELECTOR = YES;
				GCC_WARN_UNINITIALIZED_AUTOS = YES_AGGRESSIVE;
				GCC_WARN_UNUSED_FUNCTION = YES;
				GCC_WARN_UNUSED_VARIABLE = YES;
				IPHONEOS_DEPLOYMENT_TARGET = 10.0;
				MTL_ENABLE_DEBUG_INFO = YES;
				ONLY_ACTIVE_ARCH = YES;
				SDKROOT = iphoneos;
				SWIFT_ACTIVE_COMPILATION_CONDITIONS = DEBUG;
				SWIFT_OPTIMIZATION_LEVEL = "-Onone";
			};
			name = Debug;
		};
		32443B1A1DBA3119003AAC4E /* Release */ = {
			isa = XCBuildConfiguration;
			buildSettings = {
				ALWAYS_SEARCH_USER_PATHS = NO;
				CLANG_ANALYZER_NONNULL = YES;
				CLANG_CXX_LANGUAGE_STANDARD = "gnu++0x";
				CLANG_CXX_LIBRARY = "libc++";
				CLANG_ENABLE_MODULES = YES;
				CLANG_ENABLE_OBJC_ARC = YES;
				CLANG_WARN_BOOL_CONVERSION = YES;
				CLANG_WARN_CONSTANT_CONVERSION = YES;
				CLANG_WARN_DIRECT_OBJC_ISA_USAGE = YES_ERROR;
				CLANG_WARN_DOCUMENTATION_COMMENTS = YES;
				CLANG_WARN_EMPTY_BODY = YES;
				CLANG_WARN_ENUM_CONVERSION = YES;
				CLANG_WARN_INFINITE_RECURSION = YES;
				CLANG_WARN_INT_CONVERSION = YES;
				CLANG_WARN_OBJC_ROOT_CLASS = YES_ERROR;
				CLANG_WARN_SUSPICIOUS_MOVES = YES;
				CLANG_WARN_UNREACHABLE_CODE = YES;
				CLANG_WARN__DUPLICATE_METHOD_MATCH = YES;
				"CODE_SIGN_IDENTITY[sdk=iphoneos*]" = "iPhone Developer";
				COPY_PHASE_STRIP = NO;
				DEBUG_INFORMATION_FORMAT = "dwarf-with-dsym";
				ENABLE_NS_ASSERTIONS = NO;
				ENABLE_STRICT_OBJC_MSGSEND = YES;
				GCC_C_LANGUAGE_STANDARD = gnu99;
				GCC_NO_COMMON_BLOCKS = YES;
				GCC_WARN_64_TO_32_BIT_CONVERSION = YES;
				GCC_WARN_ABOUT_RETURN_TYPE = YES_ERROR;
				GCC_WARN_UNDECLARED_SELECTOR = YES;
				GCC_WARN_UNINITIALIZED_AUTOS = YES_AGGRESSIVE;
				GCC_WARN_UNUSED_FUNCTION = YES;
				GCC_WARN_UNUSED_VARIABLE = YES;
				IPHONEOS_DEPLOYMENT_TARGET = 10.0;
				MTL_ENABLE_DEBUG_INFO = NO;
				SDKROOT = iphoneos;
				SWIFT_OPTIMIZATION_LEVEL = "-Owholemodule";
				VALIDATE_PRODUCT = YES;
			};
			name = Release;
		};
		32443B1C1DBA3119003AAC4E /* Debug */ = {
			isa = XCBuildConfiguration;
			buildSettings = {
				ASSETCATALOG_COMPILER_APPICON_NAME = AppIcon;
				"CODE_SIGN_IDENTITY[sdk=iphoneos*]" = "iPhone Developer";
				DEVELOPMENT_TEAM = T735J2M8M7;
				FRAMEWORK_SEARCH_PATHS = (
					"$(inherited)",
					"$(PROJECT_DIR)/Carthage/Build/iOS",
				);
				INFOPLIST_FILE = "Hometown App/Info.plist";
				IPHONEOS_DEPLOYMENT_TARGET = 9.2;
				LD_RUNPATH_SEARCH_PATHS = "$(inherited) @executable_path/Frameworks";
				PRODUCT_BUNDLE_IDENTIFIER = "com.DavidThurman.Hometown-App";
				PRODUCT_NAME = "$(TARGET_NAME)";
				PROVISIONING_PROFILE = "";
				PROVISIONING_PROFILE_SPECIFIER = "";
				SWIFT_VERSION = 3.0;
			};
			name = Debug;
		};
		32443B1D1DBA3119003AAC4E /* Release */ = {
			isa = XCBuildConfiguration;
			buildSettings = {
				ASSETCATALOG_COMPILER_APPICON_NAME = AppIcon;
				"CODE_SIGN_IDENTITY[sdk=iphoneos*]" = "iPhone Developer";
				DEVELOPMENT_TEAM = T735J2M8M7;
				FRAMEWORK_SEARCH_PATHS = (
					"$(inherited)",
					"$(PROJECT_DIR)/Carthage/Build/iOS",
				);
				INFOPLIST_FILE = "Hometown App/Info.plist";
				IPHONEOS_DEPLOYMENT_TARGET = 9.2;
				LD_RUNPATH_SEARCH_PATHS = "$(inherited) @executable_path/Frameworks";
				PRODUCT_BUNDLE_IDENTIFIER = "com.DavidThurman.Hometown-App";
				PRODUCT_NAME = "$(TARGET_NAME)";
				PROVISIONING_PROFILE = "";
				PROVISIONING_PROFILE_SPECIFIER = "";
				SWIFT_VERSION = 3.0;
			};
			name = Release;
		};
/* End XCBuildConfiguration section */

/* Begin XCConfigurationList section */
		32443B041DBA3118003AAC4E /* Build configuration list for PBXProject "Hometown App" */ = {
			isa = XCConfigurationList;
			buildConfigurations = (
				32443B191DBA3119003AAC4E /* Debug */,
				32443B1A1DBA3119003AAC4E /* Release */,
			);
			defaultConfigurationIsVisible = 0;
			defaultConfigurationName = Release;
		};
		32443B1B1DBA3119003AAC4E /* Build configuration list for PBXNativeTarget "Hometown App" */ = {
			isa = XCConfigurationList;
			buildConfigurations = (
				32443B1C1DBA3119003AAC4E /* Debug */,
				32443B1D1DBA3119003AAC4E /* Release */,
			);
			defaultConfigurationIsVisible = 0;
			defaultConfigurationName = Release;
		};
/* End XCConfigurationList section */
	};
	rootObject = 32443B011DBA3118003AAC4E /* Project object */;
}
